
Microsoft Visual Studio Solution File, Format Version 12.00
# Visual Studio Version 17
VisualStudioVersion = 17.1.32319.34
MinimumVisualStudioVersion = 10.0.40219.1
Project("{9A19103F-16F7-4668-BE54-9A1E7A4F7556}") = "Muter", "Muter\Muter.csproj", "{EBE7E295-C26E-436C-BFE9-5866DFFFB872}"
EndProject
Project("{9A19103F-16F7-4668-BE54-9A1E7A4F7556}") = "Muter.Core", "Muter.Core\Muter.Core.csproj", "{3D8F385D-78AA-4E98-80B2-856872F5FBAB}"
EndProject
Global
	GlobalSection(SolutionConfigurationPlatforms) = preSolution
		Debug|Any CPU = Debug|Any CPU
		Release|Any CPU = Release|Any CPU
	EndGlobalSection
	GlobalSection(ProjectConfigurationPlatforms) = postSolution
		{EBE7E295-C26E-436C-BFE9-5866DFFFB872}.Debug|Any CPU.ActiveCfg = Debug|Any CPU
		{EBE7E295-C26E-436C-BFE9-5866DFFFB872}.Debug|Any CPU.Build.0 = Debug|Any CPU
		{EBE7E295-C26E-436C-BFE9-5866DFFFB872}.Release|Any CPU.ActiveCfg = Release|Any CPU
		{EBE7E295-C26E-436C-BFE9-5866DFFFB872}.Release|Any CPU.Build.0 = Release|Any CPU
		{3D8F385D-78AA-4E98-80B2-856872F5FBAB}.Debug|Any CPU.ActiveCfg = Debug|Any CPU
		{3D8F385D-78AA-4E98-80B2-856872F5FBAB}.Debug|Any CPU.Build.0 = Debug|Any CPU
		{3D8F385D-78AA-4E98-80B2-856872F5FBAB}.Release|Any CPU.ActiveCfg = Release|Any CPU
		{3D8F385D-78AA-4E98-80B2-856872F5FBAB}.Release|Any CPU.Build.0 = Release|Any CPU
	EndGlobalSection
	GlobalSection(SolutionProperties) = preSolution
		HideSolutionNode = FALSE
	EndGlobalSection
	GlobalSection(ExtensibilityGlobals) = postSolution
		SolutionGuid = {95FFA1FE-44C5-4A73-9BC0-0DBA477EC820}
	EndGlobalSection
EndGlobal
